
Microsoft Visual Studio Solution File, Format Version 12.00
# Visual Studio Version 17
VisualStudioVersion = 17.0.31919.166
MinimumVisualStudioVersion = 10.0.40219.1
Project("{FAE04EC0-301F-11D3-BF4B-00C04F79EFBC}") = "WpfTaskInLesson", "WpfTaskInLesson\WpfTaskInLesson.csproj", "{5B227907-9AE5-4153-B421-CB966B86188A}"
EndProject
Global
	GlobalSection(SolutionConfigurationPlatforms) = preSolution
		Debug|Any CPU = Debug|Any CPU
		Release|Any CPU = Release|Any CPU
	EndGlobalSection
	GlobalSection(ProjectConfigurationPlatforms) = postSolution
		{5B227907-9AE5-4153-B421-CB966B86188A}.Debug|Any CPU.ActiveCfg = Debug|Any CPU
		{5B227907-9AE5-4153-B421-CB966B86188A}.Debug|Any CPU.Build.0 = Debug|Any CPU
		{5B227907-9AE5-4153-B421-CB966B86188A}.Release|Any CPU.ActiveCfg = Release|Any CPU
		{5B227907-9AE5-4153-B421-CB966B86188A}.Release|Any CPU.Build.0 = Release|Any CPU
	EndGlobalSection
	GlobalSection(SolutionProperties) = preSolution
		HideSolutionNode = FALSE
	EndGlobalSection
	GlobalSection(ExtensibilityGlobals) = postSolution
		SolutionGuid = {FF350CE8-F343-4B21-B01D-A0A5F9E2783E}
	EndGlobalSection
EndGlobal
